
Microsoft Visual Studio Solution File, Format Version 12.00
# Visual Studio 15
VisualStudioVersion = 15.0.26730.12
MinimumVisualStudioVersion = 10.0.40219.1
Project("{D954291E-2A0B-460D-934E-DC6B0785DB48}") = "CSE", "CSE\CSE\CSE.shproj", "{87BD11B2-25CB-4692-9F9D-EAB49B257EC3}"
EndProject
Project("{FAE04EC0-301F-11D3-BF4B-00C04F79EFBC}") = "CSE.Android", "CSE\CSE.Android\CSE.Android.csproj", "{68C65880-4563-4790-850B-1781426E7442}"
EndProject
Project("{FAE04EC0-301F-11D3-BF4B-00C04F79EFBC}") = "CSE.iOS", "CSE\CSE.iOS\CSE.iOS.csproj", "{B8A5D1D1-912C-4E54-ACEA-E4AAFD13DF54}"
EndProject
Global
	GlobalSection(SharedMSBuildProjectFiles) = preSolution
		CSE\CSE\CSE.projitems*{87bd11b2-25cb-4692-9f9d-eab49b257ec3}*SharedItemsImports = 13
		CSE\CSE\CSE.projitems*{b8a5d1d1-912c-4e54-acea-e4aafd13df54}*SharedItemsImports = 4
	EndGlobalSection
	GlobalSection(SolutionConfigurationPlatforms) = preSolution
		Debug|Any CPU = Debug|Any CPU
		Debug|iPhone = Debug|iPhone
		Debug|iPhoneSimulator = Debug|iPhoneSimulator
		Release|Any CPU = Release|Any CPU
		Release|iPhone = Release|iPhone
		Release|iPhoneSimulator = Release|iPhoneSimulator
	EndGlobalSection
	GlobalSection(ProjectConfigurationPlatforms) = postSolution
		{68C65880-4563-4790-850B-1781426E7442}.Debug|Any CPU.ActiveCfg = Debug|Any CPU
		{68C65880-4563-4790-850B-1781426E7442}.Debug|Any CPU.Build.0 = Debug|Any CPU
		{68C65880-4563-4790-850B-1781426E7442}.Debug|Any CPU.Deploy.0 = Debug|Any CPU
		{68C65880-4563-4790-850B-1781426E7442}.Debug|iPhone.ActiveCfg = Debug|Any CPU
		{68C65880-4563-4790-850B-1781426E7442}.Debug|iPhone.Build.0 = Debug|Any CPU
		{68C65880-4563-4790-850B-1781426E7442}.Debug|iPhone.Deploy.0 = Debug|Any CPU
		{68C65880-4563-4790-850B-1781426E7442}.Debug|iPhoneSimulator.ActiveCfg = Debug|Any CPU
		{68C65880-4563-4790-850B-1781426E7442}.Debug|iPhoneSimulator.Build.0 = Debug|Any CPU
		{68C65880-4563-4790-850B-1781426E7442}.Debug|iPhoneSimulator.Deploy.0 = Debug|Any CPU
		{68C65880-4563-4790-850B-1781426E7442}.Release|Any CPU.ActiveCfg = Release|Any CPU
		{68C65880-4563-4790-850B-1781426E7442}.Release|Any CPU.Build.0 = Release|Any CPU
		{68C65880-4563-4790-850B-1781426E7442}.Release|Any CPU.Deploy.0 = Release|Any CPU
		{68C65880-4563-4790-850B-1781426E7442}.Release|iPhone.ActiveCfg = Release|Any CPU
		{68C65880-4563-4790-850B-1781426E7442}.Release|iPhone.Build.0 = Release|Any CPU
		{68C65880-4563-4790-850B-1781426E7442}.Release|iPhone.Deploy.0 = Release|Any CPU
		{68C65880-4563-4790-850B-1781426E7442}.Release|iPhoneSimulator.ActiveCfg = Release|Any CPU
		{68C65880-4563-4790-850B-1781426E7442}.Release|iPhoneSimulator.Build.0 = Release|Any CPU
		{68C65880-4563-4790-850B-1781426E7442}.Release|iPhoneSimulator.Deploy.0 = Release|Any CPU
		{B8A5D1D1-912C-4E54-ACEA-E4AAFD13DF54}.Debug|Any CPU.ActiveCfg = Debug|iPhone
		{B8A5D1D1-912C-4E54-ACEA-E4AAFD13DF54}.Debug|iPhone.ActiveCfg = Debug|iPhone
		{B8A5D1D1-912C-4E54-ACEA-E4AAFD13DF54}.Debug|iPhone.Build.0 = Debug|iPhone
		{B8A5D1D1-912C-4E54-ACEA-E4AAFD13DF54}.Debug|iPhoneSimulator.ActiveCfg = Debug|iPhoneSimulator
		{B8A5D1D1-912C-4E54-ACEA-E4AAFD13DF54}.Debug|iPhoneSimulator.Build.0 = Debug|iPhoneSimulator
		{B8A5D1D1-912C-4E54-ACEA-E4AAFD13DF54}.Release|Any CPU.ActiveCfg = Release|iPhone
		{B8A5D1D1-912C-4E54-ACEA-E4AAFD13DF54}.Release|iPhone.ActiveCfg = Release|iPhone
		{B8A5D1D1-912C-4E54-ACEA-E4AAFD13DF54}.Release|iPhone.Build.0 = Release|iPhone
		{B8A5D1D1-912C-4E54-ACEA-E4AAFD13DF54}.Release|iPhoneSimulator.ActiveCfg = Release|iPhoneSimulator
		{B8A5D1D1-912C-4E54-ACEA-E4AAFD13DF54}.Release|iPhoneSimulator.Build.0 = Release|iPhoneSimulator
	EndGlobalSection
	GlobalSection(SolutionProperties) = preSolution
		HideSolutionNode = FALSE
	EndGlobalSection
	GlobalSection(ExtensibilityGlobals) = postSolution
		SolutionGuid = {2ED46DFC-01A6-4B9F-9762-2F0F35E2B8BB}
	EndGlobalSection
EndGlobal
