
Microsoft Visual Studio Solution File, Format Version 12.00
# Visual Studio 15
VisualStudioVersion = 15.0.26730.15
MinimumVisualStudioVersion = 10.0.40219.1
Project("{FAE04EC0-301F-11D3-BF4B-00C04F79EFBC}") = "WindowsFormsCSE", "WindowsFormsCSE\WindowsFormsCSE.csproj", "{064FFA04-FA08-4B1D-AD1C-F8D18EBBFCD2}"
EndProject
Global
	GlobalSection(SolutionConfigurationPlatforms) = preSolution
		Debug|Any CPU = Debug|Any CPU
		Release|Any CPU = Release|Any CPU
	EndGlobalSection
	GlobalSection(ProjectConfigurationPlatforms) = postSolution
		{064FFA04-FA08-4B1D-AD1C-F8D18EBBFCD2}.Debug|Any CPU.ActiveCfg = Debug|Any CPU
		{064FFA04-FA08-4B1D-AD1C-F8D18EBBFCD2}.Debug|Any CPU.Build.0 = Debug|Any CPU
		{064FFA04-FA08-4B1D-AD1C-F8D18EBBFCD2}.Release|Any CPU.ActiveCfg = Release|Any CPU
		{064FFA04-FA08-4B1D-AD1C-F8D18EBBFCD2}.Release|Any CPU.Build.0 = Release|Any CPU
	EndGlobalSection
	GlobalSection(SolutionProperties) = preSolution
		HideSolutionNode = FALSE
	EndGlobalSection
	GlobalSection(ExtensibilityGlobals) = postSolution
		SolutionGuid = {1E400CC0-17CE-43C9-9CB9-323075802F0A}
	EndGlobalSection
EndGlobal
